
Microsoft Visual Studio Solution File, Format Version 12.00
# Visual Studio Version 17
VisualStudioVersion = 17.4.33205.214
MinimumVisualStudioVersion = 10.0.40219.1
Project("{FAE04EC0-301F-11D3-BF4B-00C04F79EFBC}") = "Calculator", "Calculator.csproj", "{69E93F9B-D559-4A52-A82F-A8668860C36A}"
EndProject
Project("{FAE04EC0-301F-11D3-BF4B-00C04F79EFBC}") = "Cal.Service", "..\Cal.Service\Cal.Service.csproj", "{36BE9914-2BB4-4CB9-9115-E2BBDE374493}"
EndProject
Project("{FAE04EC0-301F-11D3-BF4B-00C04F79EFBC}") = "Cal.Model", "..\Cal.Model\Cal.Model.csproj", "{A8CDBBB4-3F12-41AC-8AA9-C6D2D52B9AA7}"
EndProject
Project("{FAE04EC0-301F-11D3-BF4B-00C04F79EFBC}") = "Cal.Common", "..\Cal.Common\Cal.Common.csproj", "{6EAA909C-C068-4C0B-A416-E1A05A1A2D6C}"
EndProject
Project("{FAE04EC0-301F-11D3-BF4B-00C04F79EFBC}") = "Cal.Data", "..\Cal.Data\Cal.Data.csproj", "{6882EC4C-2A8C-4BD2-9BCD-DA027BA83C70}"
EndProject
Global
	GlobalSection(SolutionConfigurationPlatforms) = preSolution
		Debug|Any CPU = Debug|Any CPU
		Release|Any CPU = Release|Any CPU
	EndGlobalSection
	GlobalSection(ProjectConfigurationPlatforms) = postSolution
		{69E93F9B-D559-4A52-A82F-A8668860C36A}.Debug|Any CPU.ActiveCfg = Debug|Any CPU
		{69E93F9B-D559-4A52-A82F-A8668860C36A}.Debug|Any CPU.Build.0 = Debug|Any CPU
		{69E93F9B-D559-4A52-A82F-A8668860C36A}.Release|Any CPU.ActiveCfg = Release|Any CPU
		{69E93F9B-D559-4A52-A82F-A8668860C36A}.Release|Any CPU.Build.0 = Release|Any CPU
		{36BE9914-2BB4-4CB9-9115-E2BBDE374493}.Debug|Any CPU.ActiveCfg = Debug|Any CPU
		{36BE9914-2BB4-4CB9-9115-E2BBDE374493}.Debug|Any CPU.Build.0 = Debug|Any CPU
		{36BE9914-2BB4-4CB9-9115-E2BBDE374493}.Release|Any CPU.ActiveCfg = Release|Any CPU
		{36BE9914-2BB4-4CB9-9115-E2BBDE374493}.Release|Any CPU.Build.0 = Release|Any CPU
		{A8CDBBB4-3F12-41AC-8AA9-C6D2D52B9AA7}.Debug|Any CPU.ActiveCfg = Debug|Any CPU
		{A8CDBBB4-3F12-41AC-8AA9-C6D2D52B9AA7}.Debug|Any CPU.Build.0 = Debug|Any CPU
		{A8CDBBB4-3F12-41AC-8AA9-C6D2D52B9AA7}.Release|Any CPU.ActiveCfg = Release|Any CPU
		{A8CDBBB4-3F12-41AC-8AA9-C6D2D52B9AA7}.Release|Any CPU.Build.0 = Release|Any CPU
		{6EAA909C-C068-4C0B-A416-E1A05A1A2D6C}.Debug|Any CPU.ActiveCfg = Debug|Any CPU
		{6EAA909C-C068-4C0B-A416-E1A05A1A2D6C}.Debug|Any CPU.Build.0 = Debug|Any CPU
		{6EAA909C-C068-4C0B-A416-E1A05A1A2D6C}.Release|Any CPU.ActiveCfg = Release|Any CPU
		{6EAA909C-C068-4C0B-A416-E1A05A1A2D6C}.Release|Any CPU.Build.0 = Release|Any CPU
		{6882EC4C-2A8C-4BD2-9BCD-DA027BA83C70}.Debug|Any CPU.ActiveCfg = Debug|Any CPU
		{6882EC4C-2A8C-4BD2-9BCD-DA027BA83C70}.Debug|Any CPU.Build.0 = Debug|Any CPU
		{6882EC4C-2A8C-4BD2-9BCD-DA027BA83C70}.Release|Any CPU.ActiveCfg = Release|Any CPU
		{6882EC4C-2A8C-4BD2-9BCD-DA027BA83C70}.Release|Any CPU.Build.0 = Release|Any CPU
	EndGlobalSection
	GlobalSection(SolutionProperties) = preSolution
		HideSolutionNode = FALSE
	EndGlobalSection
	GlobalSection(ExtensibilityGlobals) = postSolution
		SolutionGuid = {645AA967-23C5-4FE1-A3B9-A9FE4B8B3088}
	EndGlobalSection
EndGlobal
